
Microsoft Visual Studio Solution File, Format Version 12.00
# Visual Studio Version 16
VisualStudioVersion = 16.0.32413.511
MinimumVisualStudioVersion = 10.0.40219.1
Project("{FAE04EC0-301F-11D3-BF4B-00C04F79EFBC}") = "String split", "String split\String split.csproj", "{187A5459-F2DE-495B-93E8-59C8692BD8BC}"
EndProject
Global
	GlobalSection(SolutionConfigurationPlatforms) = preSolution
		Debug|Any CPU = Debug|Any CPU
		Release|Any CPU = Release|Any CPU
	EndGlobalSection
	GlobalSection(ProjectConfigurationPlatforms) = postSolution
		{187A5459-F2DE-495B-93E8-59C8692BD8BC}.Debug|Any CPU.ActiveCfg = Debug|Any CPU
		{187A5459-F2DE-495B-93E8-59C8692BD8BC}.Debug|Any CPU.Build.0 = Debug|Any CPU
		{187A5459-F2DE-495B-93E8-59C8692BD8BC}.Release|Any CPU.ActiveCfg = Release|Any CPU
		{187A5459-F2DE-495B-93E8-59C8692BD8BC}.Release|Any CPU.Build.0 = Release|Any CPU
	EndGlobalSection
	GlobalSection(SolutionProperties) = preSolution
		HideSolutionNode = FALSE
	EndGlobalSection
	GlobalSection(ExtensibilityGlobals) = postSolution
		SolutionGuid = {779044DE-7AAB-4543-84C6-F4CADEC83C5F}
	EndGlobalSection
EndGlobal
